// !$*UTF8*$!
{
	archiveVersion = 1;
	classes = {
	};
	objectVersion = 77;
	objects = {

/* Begin PBXBuildFile section */
		216999142DEBAA1400D01E15 /* OpenAPIRuntime in Frameworks */ = {isa = PBXBuildFile; productRef = 216999132DEBAA1400D01E15 /* OpenAPIRuntime */; };
		2169995D2DEBC3BE00D01E15 /* OpenAPIURLSession in Frameworks */ = {isa = PBXBuildFile; productRef = 2169995C2DEBC3BE00D01E15 /* OpenAPIURLSession */; };
/* End PBXBuildFile section */

/* Begin PBXContainerItemProxy section */
		21BB76422DAC00B7002A9EC4 /* PBXContainerItemProxy */ = {
			isa = PBXContainerItemProxy;
			containerPortal = 21BB76282DAC00B6002A9EC4 /* Project object */;
			proxyType = 1;
			remoteGlobalIDString = 21BB762F2DAC00B6002A9EC4;
			remoteInfo = WatchList;
		};
		21BB764C2DAC00B7002A9EC4 /* PBXContainerItemProxy */ = {
			isa = PBXContainerItemProxy;
			containerPortal = 21BB76282DAC00B6002A9EC4 /* Project object */;
			proxyType = 1;
			remoteGlobalIDString = 21BB762F2DAC00B6002A9EC4;
			remoteInfo = WatchList;
		};
/* End PBXContainerItemProxy section */

/* Begin PBXFileReference section */
		21BB76302DAC00B6002A9EC4 /* WatchList.app */ = {isa = PBXFileReference; explicitFileType = wrapper.application; includeInIndex = 0; path = WatchList.app; sourceTree = BUILT_PRODUCTS_DIR; };
		21BB76412DAC00B7002A9EC4 /* WatchListTests.xctest */ = {isa = PBXFileReference; explicitFileType = wrapper.cfbundle; includeInIndex = 0; path = WatchListTests.xctest; sourceTree = BUILT_PRODUCTS_DIR; };
		21BB764B2DAC00B7002A9EC4 /* WatchListUITests.xctest */ = {isa = PBXFileReference; explicitFileType = wrapper.cfbundle; includeInIndex = 0; path = WatchListUITests.xctest; sourceTree = BUILT_PRODUCTS_DIR; };
/* End PBXFileReference section */

/* Begin PBXFileSystemSynchronizedBuildFileExceptionSet section */
		21BB76532DAC00B7002A9EC4 /* Exceptions for "WatchList" folder in "WatchList" target */ = {
			isa = PBXFileSystemSynchronizedBuildFileExceptionSet;
			membershipExceptions = (
				Info.plist,
			);
			target = 21BB762F2DAC00B6002A9EC4 /* WatchList */;
		};
/* End PBXFileSystemSynchronizedBuildFileExceptionSet section */

/* Begin PBXFileSystemSynchronizedRootGroup section */
		21BB76322DAC00B6002A9EC4 /* WatchList */ = {
			isa = PBXFileSystemSynchronizedRootGroup;
			exceptions = (
				21BB76532DAC00B7002A9EC4 /* Exceptions for "WatchList" folder in "WatchList" target */,
			);
			path = WatchList;
			sourceTree = "<group>";
		};
		21BB76442DAC00B7002A9EC4 /* WatchListTests */ = {
			isa = PBXFileSystemSynchronizedRootGroup;
			path = WatchListTests;
			sourceTree = "<group>";
		};
		21BB764E2DAC00B7002A9EC4 /* WatchListUITests */ = {
			isa = PBXFileSystemSynchronizedRootGroup;
			path = WatchListUITests;
			sourceTree = "<group>";
		};
/* End PBXFileSystemSynchronizedRootGroup section */

/* Begin PBXFrameworksBuildPhase section */
		21BB762D2DAC00B6002A9EC4 /* Frameworks */ = {
			isa = PBXFrameworksBuildPhase;
			buildActionMask = 2147483647;
			files = (
				2169995D2DEBC3BE00D01E15 /* OpenAPIURLSession in Frameworks */,
				216999142DEBAA1400D01E15 /* OpenAPIRuntime in Frameworks */,
			);
			runOnlyForDeploymentPostprocessing = 0;
		};
		21BB763E2DAC00B7002A9EC4 /* Frameworks */ = {
			isa = PBXFrameworksBuildPhase;
			buildActionMask = 2147483647;
			files = (
			);
			runOnlyForDeploymentPostprocessing = 0;
		};
		21BB76482DAC00B7002A9EC4 /* Frameworks */ = {
			isa = PBXFrameworksBuildPhase;
			buildActionMask = 2147483647;
			files = (
			);
			runOnlyForDeploymentPostprocessing = 0;
		};
/* End PBXFrameworksBuildPhase section */

/* Begin PBXGroup section */
		21BB76272DAC00B6002A9EC4 = {
			isa = PBXGroup;
			children = (
				21BB76322DAC00B6002A9EC4 /* WatchList */,
				21BB76442DAC00B7002A9EC4 /* WatchListTests */,
				21BB764E2DAC00B7002A9EC4 /* WatchListUITests */,
				21BB76312DAC00B6002A9EC4 /* Products */,
			);
			sourceTree = "<group>";
		};
		21BB76312DAC00B6002A9EC4 /* Products */ = {
			isa = PBXGroup;
			children = (
				21BB76302DAC00B6002A9EC4 /* WatchList.app */,
				21BB76412DAC00B7002A9EC4 /* WatchListTests.xctest */,
				21BB764B2DAC00B7002A9EC4 /* WatchListUITests.xctest */,
			);
			name = Products;
			sourceTree = "<group>";
		};
/* End PBXGroup section */

/* Begin PBXNativeTarget section */
		21BB762F2DAC00B6002A9EC4 /* WatchList */ = {
			isa = PBXNativeTarget;
			buildConfigurationList = 21BB76542DAC00B7002A9EC4 /* Build configuration list for PBXNativeTarget "WatchList" */;
			buildPhases = (
				21BB762C2DAC00B6002A9EC4 /* Sources */,
				21BB762D2DAC00B6002A9EC4 /* Frameworks */,
				21BB762E2DAC00B6002A9EC4 /* Resources */,
			);
			buildRules = (
			);
			dependencies = (
				216999082DEBA87600D01E15 /* PBXTargetDependency */,
			);
			fileSystemSynchronizedGroups = (
				21BB76322DAC00B6002A9EC4 /* WatchList */,
			);
			name = WatchList;
			packageProductDependencies = (
				216999132DEBAA1400D01E15 /* OpenAPIRuntime */,
				2169995C2DEBC3BE00D01E15 /* OpenAPIURLSession */,
			);
			productName = WatchList;
			productReference = 21BB76302DAC00B6002A9EC4 /* WatchList.app */;
			productType = "com.apple.product-type.application";
		};
		21BB76402DAC00B7002A9EC4 /* WatchListTests */ = {
			isa = PBXNativeTarget;
			buildConfigurationList = 21BB76592DAC00B7002A9EC4 /* Build configuration list for PBXNativeTarget "WatchListTests" */;
			buildPhases = (
				21BB763D2DAC00B7002A9EC4 /* Sources */,
				21BB763E2DAC00B7002A9EC4 /* Frameworks */,
				21BB763F2DAC00B7002A9EC4 /* Resources */,
			);
			buildRules = (
			);
			dependencies = (
				21BB76432DAC00B7002A9EC4 /* PBXTargetDependency */,
			);
			fileSystemSynchronizedGroups = (
				21BB76442DAC00B7002A9EC4 /* WatchListTests */,
			);
			name = WatchListTests;
			packageProductDependencies = (
			);
			productName = WatchListTests;
			productReference = 21BB76412DAC00B7002A9EC4 /* WatchListTests.xctest */;
			productType = "com.apple.product-type.bundle.unit-test";
		};
		21BB764A2DAC00B7002A9EC4 /* WatchListUITests */ = {
			isa = PBXNativeTarget;
			buildConfigurationList = 21BB765C2DAC00B7002A9EC4 /* Build configuration list for PBXNativeTarget "WatchListUITests" */;
			buildPhases = (
				21BB76472DAC00B7002A9EC4 /* Sources */,
				21BB76482DAC00B7002A9EC4 /* Frameworks */,
				21BB76492DAC00B7002A9EC4 /* Resources */,
			);
			buildRules = (
			);
			dependencies = (
				21BB764D2DAC00B7002A9EC4 /* PBXTargetDependency */,
			);
			fileSystemSynchronizedGroups = (
				21BB764E2DAC00B7002A9EC4 /* WatchListUITests */,
			);
			name = WatchListUITests;
			packageProductDependencies = (
			);
			productName = WatchListUITests;
			productReference = 21BB764B2DAC00B7002A9EC4 /* WatchListUITests.xctest */;
			productType = "com.apple.product-type.bundle.ui-testing";
		};
/* End PBXNativeTarget section */

/* Begin PBXProject section */
		21BB76282DAC00B6002A9EC4 /* Project object */ = {
			isa = PBXProject;
			attributes = {
				BuildIndependentTargetsInParallel = 1;
				LastSwiftUpdateCheck = 1630;
				LastUpgradeCheck = 1630;
				TargetAttributes = {
					21BB762F2DAC00B6002A9EC4 = {
						CreatedOnToolsVersion = 16.3;
					};
					21BB76402DAC00B7002A9EC4 = {
						CreatedOnToolsVersion = 16.3;
						TestTargetID = 21BB762F2DAC00B6002A9EC4;
					};
					21BB764A2DAC00B7002A9EC4 = {
						CreatedOnToolsVersion = 16.3;
						TestTargetID = 21BB762F2DAC00B6002A9EC4;
					};
				};
			};
			buildConfigurationList = 21BB762B2DAC00B6002A9EC4 /* Build configuration list for PBXProject "WatchList" */;
			developmentRegion = en;
			hasScannedForEncodings = 0;
			knownRegions = (
				en,
				Base,
				de,
			);
			mainGroup = 21BB76272DAC00B6002A9EC4;
			minimizedProjectReferenceProxies = 1;
			packageReferences = (
				2196D2AE2DD911A7007F68C9 /* XCRemoteSwiftPackageReference "swift-openapi-generator" */,
				216999122DEBAA1400D01E15 /* XCRemoteSwiftPackageReference "swift-openapi-runtime" */,
				2169995B2DEBC3BE00D01E15 /* XCRemoteSwiftPackageReference "swift-openapi-urlsession" */,
			);
			preferredProjectObjectVersion = 77;
			productRefGroup = 21BB76312DAC00B6002A9EC4 /* Products */;
			projectDirPath = "";
			projectRoot = "";
			targets = (
				21BB762F2DAC00B6002A9EC4 /* WatchList */,
				21BB76402DAC00B7002A9EC4 /* WatchListTests */,
				21BB764A2DAC00B7002A9EC4 /* WatchListUITests */,
			);
		};
/* End PBXProject section */

/* Begin PBXResourcesBuildPhase section */
		21BB762E2DAC00B6002A9EC4 /* Resources */ = {
			isa = PBXResourcesBuildPhase;
			buildActionMask = 2147483647;
			files = (
			);
			runOnlyForDeploymentPostprocessing = 0;
		};
		21BB763F2DAC00B7002A9EC4 /* Resources */ = {
			isa = PBXResourcesBuildPhase;
			buildActionMask = 2147483647;
			files = (
			);
			runOnlyForDeploymentPostprocessing = 0;
		};
		21BB76492DAC00B7002A9EC4 /* Resources */ = {
			isa = PBXResourcesBuildPhase;
			buildActionMask = 2147483647;
			files = (
			);
			runOnlyForDeploymentPostprocessing = 0;
		};
/* End PBXResourcesBuildPhase section */

/* Begin PBXSourcesBuildPhase section */
		21BB762C2DAC00B6002A9EC4 /* Sources */ = {
			isa = PBXSourcesBuildPhase;
			buildActionMask = 2147483647;
			files = (
			);
			runOnlyForDeploymentPostprocessing = 0;
		};
		21BB763D2DAC00B7002A9EC4 /* Sources */ = {
			isa = PBXSourcesBuildPhase;
			buildActionMask = 2147483647;
			files = (
			);
			runOnlyForDeploymentPostprocessing = 0;
		};
		21BB76472DAC00B7002A9EC4 /* Sources */ = {
			isa = PBXSourcesBuildPhase;
			buildActionMask = 2147483647;
			files = (
			);
			runOnlyForDeploymentPostprocessing = 0;
		};
/* End PBXSourcesBuildPhase section */

/* Begin PBXTargetDependency section */
		216999082DEBA87600D01E15 /* PBXTargetDependency */ = {
			isa = PBXTargetDependency;
			productRef = 216999072DEBA87600D01E15 /* OpenAPIGenerator */;
		};
		21BB76432DAC00B7002A9EC4 /* PBXTargetDependency */ = {
			isa = PBXTargetDependency;
			target = 21BB762F2DAC00B6002A9EC4 /* WatchList */;
			targetProxy = 21BB76422DAC00B7002A9EC4 /* PBXContainerItemProxy */;
		};
		21BB764D2DAC00B7002A9EC4 /* PBXTargetDependency */ = {
			isa = PBXTargetDependency;
			target = 21BB762F2DAC00B6002A9EC4 /* WatchList */;
			targetProxy = 21BB764C2DAC00B7002A9EC4 /* PBXContainerItemProxy */;
		};
/* End PBXTargetDependency section */

/* Begin XCBuildConfiguration section */
		21BB76552DAC00B7002A9EC4 /* Debug */ = {
			isa = XCBuildConfiguration;
			buildSettings = {
				ASSETCATALOG_COMPILER_APPICON_NAME = AppIcon;
				ASSETCATALOG_COMPILER_GLOBAL_ACCENT_COLOR_NAME = AccentColor;
				CODE_SIGN_ENTITLEMENTS = WatchList/WatchList.entitlements;
				CODE_SIGN_STYLE = Automatic;
				CURRENT_PROJECT_VERSION = 1;
				DEVELOPMENT_TEAM = R2YVCZ58UE;
				ENABLE_PREVIEWS = YES;
				GENERATE_INFOPLIST_FILE = YES;
				INFOPLIST_FILE = WatchList/Info.plist;
				INFOPLIST_KEY_UIApplicationSceneManifest_Generation = YES;
				INFOPLIST_KEY_UIApplicationSupportsIndirectInputEvents = YES;
				INFOPLIST_KEY_UILaunchScreen_Generation = YES;
				INFOPLIST_KEY_UISupportedInterfaceOrientations_iPad = "UIInterfaceOrientationPortrait UIInterfaceOrientationPortraitUpsideDown UIInterfaceOrientationLandscapeLeft UIInterfaceOrientationLandscapeRight";
				INFOPLIST_KEY_UISupportedInterfaceOrientations_iPhone = "UIInterfaceOrientationPortrait UIInterfaceOrientationLandscapeLeft UIInterfaceOrientationLandscapeRight";
				LD_RUNPATH_SEARCH_PATHS = (
					"$(inherited)",
					"@executable_path/Frameworks",
				);
				MARKETING_VERSION = 1.0;
				PRODUCT_BUNDLE_IDENTIFIER = com.christophprenissl.WatchList;
				PRODUCT_NAME = "$(TARGET_NAME)";
				SWIFT_EMIT_LOC_STRINGS = YES;
				SWIFT_VERSION = 5.0;
				TARGETED_DEVICE_FAMILY = "1,2";
			};
			name = Debug;
		};
		21BB76562DAC00B7002A9EC4 /* Release */ = {
			isa = XCBuildConfiguration;
			buildSettings = {
				ASSETCATALOG_COMPILER_APPICON_NAME = AppIcon;
				ASSETCATALOG_COMPILER_GLOBAL_ACCENT_COLOR_NAME = AccentColor;
				CODE_SIGN_ENTITLEMENTS = WatchList/WatchList.entitlements;
				CODE_SIGN_STYLE = Automatic;
				CURRENT_PROJECT_VERSION = 1;
				DEVELOPMENT_TEAM = R2YVCZ58UE;
				ENABLE_PREVIEWS = YES;
				GENERATE_INFOPLIST_FILE = YES;
				INFOPLIST_FILE = WatchList/Info.plist;
				INFOPLIST_KEY_UIApplicationSceneManifest_Generation = YES;
				INFOPLIST_KEY_UIApplicationSupportsIndirectInputEvents = YES;
				INFOPLIST_KEY_UILaunchScreen_Generation = YES;
				INFOPLIST_KEY_UISupportedInterfaceOrientations_iPad = "UIInterfaceOrientationPortrait UIInterfaceOrientationPortraitUpsideDown UIInterfaceOrientationLandscapeLeft UIInterfaceOrientationLandscapeRight";
				INFOPLIST_KEY_UISupportedInterfaceOrientations_iPhone = "UIInterfaceOrientationPortrait UIInterfaceOrientationLandscapeLeft UIInterfaceOrientationLandscapeRight";
				LD_RUNPATH_SEARCH_PATHS = (
					"$(inherited)",
					"@executable_path/Frameworks",
				);
				MARKETING_VERSION = 1.0;
				PRODUCT_BUNDLE_IDENTIFIER = com.christophprenissl.WatchList;
				PRODUCT_NAME = "$(TARGET_NAME)";
				SWIFT_EMIT_LOC_STRINGS = YES;
				SWIFT_VERSION = 5.0;
				TARGETED_DEVICE_FAMILY = "1,2";
			};
			name = Release;
		};
		21BB76572DAC00B7002A9EC4 /* Debug */ = {
			isa = XCBuildConfiguration;
			buildSettings = {
				ALWAYS_SEARCH_USER_PATHS = NO;
				ASSETCATALOG_COMPILER_GENERATE_SWIFT_ASSET_SYMBOL_EXTENSIONS = YES;
				CLANG_ANALYZER_NONNULL = YES;
				CLANG_ANALYZER_NUMBER_OBJECT_CONVERSION = YES_AGGRESSIVE;
				CLANG_CXX_LANGUAGE_STANDARD = "gnu++20";
				CLANG_ENABLE_MODULES = YES;
				CLANG_ENABLE_OBJC_ARC = YES;
				CLANG_ENABLE_OBJC_WEAK = YES;
				CLANG_WARN_BLOCK_CAPTURE_AUTORELEASING = YES;
				CLANG_WARN_BOOL_CONVERSION = YES;
				CLANG_WARN_COMMA = YES;
				CLANG_WARN_CONSTANT_CONVERSION = YES;
				CLANG_WARN_DEPRECATED_OBJC_IMPLEMENTATIONS = YES;
				CLANG_WARN_DIRECT_OBJC_ISA_USAGE = YES_ERROR;
				CLANG_WARN_DOCUMENTATION_COMMENTS = YES;
				CLANG_WARN_EMPTY_BODY = YES;
				CLANG_WARN_ENUM_CONVERSION = YES;
				CLANG_WARN_INFINITE_RECURSION = YES;
				CLANG_WARN_INT_CONVERSION = YES;
				CLANG_WARN_NON_LITERAL_NULL_CONVERSION = YES;
				CLANG_WARN_OBJC_IMPLICIT_RETAIN_SELF = YES;
				CLANG_WARN_OBJC_LITERAL_CONVERSION = YES;
				CLANG_WARN_OBJC_ROOT_CLASS = YES_ERROR;
				CLANG_WARN_QUOTED_INCLUDE_IN_FRAMEWORK_HEADER = YES;
				CLANG_WARN_RANGE_LOOP_ANALYSIS = YES;
				CLANG_WARN_STRICT_PROTOTYPES = YES;
				CLANG_WARN_SUSPICIOUS_MOVE = YES;
				CLANG_WARN_UNGUARDED_AVAILABILITY = YES_AGGRESSIVE;
				CLANG_WARN_UNREACHABLE_CODE = YES;
				CLANG_WARN__DUPLICATE_METHOD_MATCH = YES;
				COPY_PHASE_STRIP = NO;
				DEBUG_INFORMATION_FORMAT = dwarf;
				DEVELOPMENT_TEAM = R2YVCZ58UE;
				ENABLE_STRICT_OBJC_MSGSEND = YES;
				ENABLE_TESTABILITY = YES;
				ENABLE_USER_SCRIPT_SANDBOXING = YES;
				GCC_C_LANGUAGE_STANDARD = gnu17;
				GCC_DYNAMIC_NO_PIC = NO;
				GCC_NO_COMMON_BLOCKS = YES;
				GCC_OPTIMIZATION_LEVEL = 0;
				GCC_PREPROCESSOR_DEFINITIONS = (
					"DEBUG=1",
					"$(inherited)",
				);
				GCC_WARN_64_TO_32_BIT_CONVERSION = YES;
				GCC_WARN_ABOUT_RETURN_TYPE = YES_ERROR;
				GCC_WARN_UNDECLARED_SELECTOR = YES;
				GCC_WARN_UNINITIALIZED_AUTOS = YES_AGGRESSIVE;
				GCC_WARN_UNUSED_FUNCTION = YES;
				GCC_WARN_UNUSED_VARIABLE = YES;
				IPHONEOS_DEPLOYMENT_TARGET = 18.4;
				LOCALIZATION_PREFERS_STRING_CATALOGS = YES;
				MTL_ENABLE_DEBUG_INFO = INCLUDE_SOURCE;
				MTL_FAST_MATH = YES;
				ONLY_ACTIVE_ARCH = YES;
				SDKROOT = iphoneos;
				SWIFT_ACTIVE_COMPILATION_CONDITIONS = "DEBUG $(inherited)";
				SWIFT_EMIT_LOC_STRINGS = YES;
				SWIFT_OPTIMIZATION_LEVEL = "-Onone";
			};
			name = Debug;
		};
		21BB76582DAC00B7002A9EC4 /* Release */ = {
			isa = XCBuildConfiguration;
			buildSettings = {
				ALWAYS_SEARCH_USER_PATHS = NO;
				ASSETCATALOG_COMPILER_GENERATE_SWIFT_ASSET_SYMBOL_EXTENSIONS = YES;
				CLANG_ANALYZER_NONNULL = YES;
				CLANG_ANALYZER_NUMBER_OBJECT_CONVERSION = YES_AGGRESSIVE;
				CLANG_CXX_LANGUAGE_STANDARD = "gnu++20";
				CLANG_ENABLE_MODULES = YES;
				CLANG_ENABLE_OBJC_ARC = YES;
				CLANG_ENABLE_OBJC_WEAK = YES;
				CLANG_WARN_BLOCK_CAPTURE_AUTORELEASING = YES;
				CLANG_WARN_BOOL_CONVERSION = YES;
				CLANG_WARN_COMMA = YES;
				CLANG_WARN_CONSTANT_CONVERSION = YES;
				CLANG_WARN_DEPRECATED_OBJC_IMPLEMENTATIONS = YES;
				CLANG_WARN_DIRECT_OBJC_ISA_USAGE = YES_ERROR;
				CLANG_WARN_DOCUMENTATION_COMMENTS = YES;
				CLANG_WARN_EMPTY_BODY = YES;
				CLANG_WARN_ENUM_CONVERSION = YES;
				CLANG_WARN_INFINITE_RECURSION = YES;
				CLANG_WARN_INT_CONVERSION = YES;
				CLANG_WARN_NON_LITERAL_NULL_CONVERSION = YES;
				CLANG_WARN_OBJC_IMPLICIT_RETAIN_SELF = YES;
				CLANG_WARN_OBJC_LITERAL_CONVERSION = YES;
				CLANG_WARN_OBJC_ROOT_CLASS = YES_ERROR;
				CLANG_WARN_QUOTED_INCLUDE_IN_FRAMEWORK_HEADER = YES;
				CLANG_WARN_RANGE_LOOP_ANALYSIS = YES;
				CLANG_WARN_STRICT_PROTOTYPES = YES;
				CLANG_WARN_SUSPICIOUS_MOVE = YES;
				CLANG_WARN_UNGUARDED_AVAILABILITY = YES_AGGRESSIVE;
				CLANG_WARN_UNREACHABLE_CODE = YES;
				CLANG_WARN__DUPLICATE_METHOD_MATCH = YES;
				COPY_PHASE_STRIP = NO;
				DEBUG_INFORMATION_FORMAT = "dwarf-with-dsym";
				DEVELOPMENT_TEAM = R2YVCZ58UE;
				ENABLE_NS_ASSERTIONS = NO;
				ENABLE_STRICT_OBJC_MSGSEND = YES;
				ENABLE_USER_SCRIPT_SANDBOXING = YES;
				GCC_C_LANGUAGE_STANDARD = gnu17;
				GCC_NO_COMMON_BLOCKS = YES;
				GCC_WARN_64_TO_32_BIT_CONVERSION = YES;
				GCC_WARN_ABOUT_RETURN_TYPE = YES_ERROR;
				GCC_WARN_UNDECLARED_SELECTOR = YES;
				GCC_WARN_UNINITIALIZED_AUTOS = YES_AGGRESSIVE;
				GCC_WARN_UNUSED_FUNCTION = YES;
				GCC_WARN_UNUSED_VARIABLE = YES;
				IPHONEOS_DEPLOYMENT_TARGET = 18.4;
				LOCALIZATION_PREFERS_STRING_CATALOGS = YES;
				MTL_ENABLE_DEBUG_INFO = NO;
				MTL_FAST_MATH = YES;
				SDKROOT = iphoneos;
				SWIFT_COMPILATION_MODE = wholemodule;
				SWIFT_EMIT_LOC_STRINGS = YES;
				VALIDATE_PRODUCT = YES;
			};
			name = Release;
		};
		21BB765A2DAC00B7002A9EC4 /* Debug */ = {
			isa = XCBuildConfiguration;
			buildSettings = {
				BUNDLE_LOADER = "$(TEST_HOST)";
				CODE_SIGN_STYLE = Automatic;
				CURRENT_PROJECT_VERSION = 1;
				DEVELOPMENT_TEAM = R2YVCZ58UE;
				GENERATE_INFOPLIST_FILE = YES;
				IPHONEOS_DEPLOYMENT_TARGET = 18.4;
				MARKETING_VERSION = 1.0;
				PRODUCT_BUNDLE_IDENTIFIER = com.christophprenissl.WatchListTests;
				PRODUCT_NAME = "$(TARGET_NAME)";
				SWIFT_EMIT_LOC_STRINGS = NO;
				SWIFT_VERSION = 5.0;
				TARGETED_DEVICE_FAMILY = "1,2";
				TEST_HOST = "$(BUILT_PRODUCTS_DIR)/WatchList.app/$(BUNDLE_EXECUTABLE_FOLDER_PATH)/WatchList";
			};
			name = Debug;
		};
		21BB765B2DAC00B7002A9EC4 /* Release */ = {
			isa = XCBuildConfiguration;
			buildSettings = {
				BUNDLE_LOADER = "$(TEST_HOST)";
				CODE_SIGN_STYLE = Automatic;
				CURRENT_PROJECT_VERSION = 1;
				DEVELOPMENT_TEAM = R2YVCZ58UE;
				GENERATE_INFOPLIST_FILE = YES;
				IPHONEOS_DEPLOYMENT_TARGET = 18.4;
				MARKETING_VERSION = 1.0;
				PRODUCT_BUNDLE_IDENTIFIER = com.christophprenissl.WatchListTests;
				PRODUCT_NAME = "$(TARGET_NAME)";
				SWIFT_EMIT_LOC_STRINGS = NO;
				SWIFT_VERSION = 5.0;
				TARGETED_DEVICE_FAMILY = "1,2";
				TEST_HOST = "$(BUILT_PRODUCTS_DIR)/WatchList.app/$(BUNDLE_EXECUTABLE_FOLDER_PATH)/WatchList";
			};
			name = Release;
		};
		21BB765D2DAC00B7002A9EC4 /* Debug */ = {
			isa = XCBuildConfiguration;
			buildSettings = {
				CODE_SIGN_STYLE = Automatic;
				CURRENT_PROJECT_VERSION = 1;
				DEVELOPMENT_TEAM = R2YVCZ58UE;
				GENERATE_INFOPLIST_FILE = YES;
				MARKETING_VERSION = 1.0;
				PRODUCT_BUNDLE_IDENTIFIER = com.christophprenissl.WatchListUITests;
				PRODUCT_NAME = "$(TARGET_NAME)";
				SWIFT_EMIT_LOC_STRINGS = NO;
				SWIFT_VERSION = 5.0;
				TARGETED_DEVICE_FAMILY = "1,2";
				TEST_TARGET_NAME = WatchList;
			};
			name = Debug;
		};
		21BB765E2DAC00B7002A9EC4 /* Release */ = {
			isa = XCBuildConfiguration;
			buildSettings = {
				CODE_SIGN_STYLE = Automatic;
				CURRENT_PROJECT_VERSION = 1;
				DEVELOPMENT_TEAM = R2YVCZ58UE;
				GENERATE_INFOPLIST_FILE = YES;
				MARKETING_VERSION = 1.0;
				PRODUCT_BUNDLE_IDENTIFIER = com.christophprenissl.WatchListUITests;
				PRODUCT_NAME = "$(TARGET_NAME)";
				SWIFT_EMIT_LOC_STRINGS = NO;
				SWIFT_VERSION = 5.0;
				TARGETED_DEVICE_FAMILY = "1,2";
				TEST_TARGET_NAME = WatchList;
			};
			name = Release;
		};
/* End XCBuildConfiguration section */

/* Begin XCConfigurationList section */
		21BB762B2DAC00B6002A9EC4 /* Build configuration list for PBXProject "WatchList" */ = {
			isa = XCConfigurationList;
			buildConfigurations = (
				21BB76572DAC00B7002A9EC4 /* Debug */,
				21BB76582DAC00B7002A9EC4 /* Release */,
			);
			defaultConfigurationIsVisible = 0;
			defaultConfigurationName = Release;
		};
		21BB76542DAC00B7002A9EC4 /* Build configuration list for PBXNativeTarget "WatchList" */ = {
			isa = XCConfigurationList;
			buildConfigurations = (
				21BB76552DAC00B7002A9EC4 /* Debug */,
				21BB76562DAC00B7002A9EC4 /* Release */,
			);
			defaultConfigurationIsVisible = 0;
			defaultConfigurationName = Release;
		};
		21BB76592DAC00B7002A9EC4 /* Build configuration list for PBXNativeTarget "WatchListTests" */ = {
			isa = XCConfigurationList;
			buildConfigurations = (
				21BB765A2DAC00B7002A9EC4 /* Debug */,
				21BB765B2DAC00B7002A9EC4 /* Release */,
			);
			defaultConfigurationIsVisible = 0;
			defaultConfigurationName = Release;
		};
		21BB765C2DAC00B7002A9EC4 /* Build configuration list for PBXNativeTarget "WatchListUITests" */ = {
			isa = XCConfigurationList;
			buildConfigurations = (
				21BB765D2DAC00B7002A9EC4 /* Debug */,
				21BB765E2DAC00B7002A9EC4 /* Release */,
			);
			defaultConfigurationIsVisible = 0;
			defaultConfigurationName = Release;
		};
/* End XCConfigurationList section */

/* Begin XCRemoteSwiftPackageReference section */
		216999122DEBAA1400D01E15 /* XCRemoteSwiftPackageReference "swift-openapi-runtime" */ = {
			isa = XCRemoteSwiftPackageReference;
			repositoryURL = "https://github.com/apple/swift-openapi-runtime";
			requirement = {
				kind = upToNextMajorVersion;
				minimumVersion = 1.8.2;
			};
		};
		2169995B2DEBC3BE00D01E15 /* XCRemoteSwiftPackageReference "swift-openapi-urlsession" */ = {
			isa = XCRemoteSwiftPackageReference;
			repositoryURL = "https://github.com/apple/swift-openapi-urlsession";
			requirement = {
				kind = upToNextMajorVersion;
				minimumVersion = 1.1.0;
			};
		};
		2196D2AE2DD911A7007F68C9 /* XCRemoteSwiftPackageReference "swift-openapi-generator" */ = {
			isa = XCRemoteSwiftPackageReference;
			repositoryURL = "https://github.com/apple/swift-openapi-generator";
			requirement = {
				kind = upToNextMajorVersion;
				minimumVersion = 1.7.2;
			};
		};
/* End XCRemoteSwiftPackageReference section */

/* Begin XCSwiftPackageProductDependency section */
		216999072DEBA87600D01E15 /* OpenAPIGenerator */ = {
			isa = XCSwiftPackageProductDependency;
			package = 2196D2AE2DD911A7007F68C9 /* XCRemoteSwiftPackageReference "swift-openapi-generator" */;
			productName = "plugin:OpenAPIGenerator";
		};
		216999132DEBAA1400D01E15 /* OpenAPIRuntime */ = {
			isa = XCSwiftPackageProductDependency;
			package = 216999122DEBAA1400D01E15 /* XCRemoteSwiftPackageReference "swift-openapi-runtime" */;
			productName = OpenAPIRuntime;
		};
		2169995C2DEBC3BE00D01E15 /* OpenAPIURLSession */ = {
			isa = XCSwiftPackageProductDependency;
			package = 2169995B2DEBC3BE00D01E15 /* XCRemoteSwiftPackageReference "swift-openapi-urlsession" */;
			productName = OpenAPIURLSession;
		};
/* End XCSwiftPackageProductDependency section */
	};
	rootObject = 21BB76282DAC00B6002A9EC4 /* Project object */;
}
